{
  "object": {
    "pins": [
      {
        "package": "Nuke",
        "repositoryURL": "https://github.com/kean/Nuke",
        "state": {
          "branch": "master",
          "revision": "04953e2cde7022574fda9e91d7cbe9232259bc15",
          "version": null
        }
      },
      {
        "package": "SnapKit",
        "repositoryURL": "https://github.com/SnapKit/SnapKit",
        "state": {
          "branch": "develop",
          "revision": "eb07a3adf535ec6e87d450453471f69c053a48f1",
          "version": null
        }
      },
      {
        "package": "UIWindowTransitions",
        "repositoryURL": "https://github.com/malcommac/UIWindowTransitions.git",
        "state": {
          "branch": null,
          "revision": "9fae35fc44e2742cb12f640afbad6111355bda85",
          "version": "1.0.0"
        }
      }
    ]
  },
  "version": 1
}
