// !$*UTF8*$!
{
	archiveVersion = 1;
	classes = {
	};
	objectVersion = 55;
	objects = {

/* Begin PBXBuildFile section */
		C2774A00D9EDECAF6A4A56DC /* OnboardingViewController.swift in Sources */ = {isa = PBXBuildFile; fileRef = 283DE5BD7FFAE40F17A4CCA7 /* OnboardingViewController.swift */; };
		C6A4AFD8F3A736777B48CB7E /* OnboardingCoordinator.swift in Sources */ = {isa = PBXBuildFile; fileRef = 6DDDF189D9E1FC5955153F62 /* OnboardingCoordinator.swift */; };
		CB0670A59604E3C634EB6B9D /* OnboardingViewModel.swift in Sources */ = {isa = PBXBuildFile; fileRef = 7F4C951D527DF70849091B9F /* OnboardingViewModel.swift */; };
		D1545AA996B93721A79681DE /* HomeViewModel.swift in Sources */ = {isa = PBXBuildFile; fileRef = 4698C3CEFEC9F29BA3ED8CB0 /* HomeViewModel.swift */; };
		D74EE02927E65CD0009E9BDD /* CategoryCollectionViewCell.swift in Sources */ = {isa = PBXBuildFile; fileRef = D74EE02827E65CD0009E9BDD /* CategoryCollectionViewCell.swift */; };
		D74EE02C27E77DDB009E9BDD /* DishCategory.swift in Sources */ = {isa = PBXBuildFile; fileRef = D74EE02B27E77DDB009E9BDD /* DishCategory.swift */; };
		D74EE02F27E77F07009E9BDD /* Nuke in Frameworks */ = {isa = PBXBuildFile; productRef = D74EE02E27E77F07009E9BDD /* Nuke */; };
		D74EE03127E77F85009E9BDD /* String + Extensions.swift in Sources */ = {isa = PBXBuildFile; fileRef = D74EE03027E77F85009E9BDD /* String + Extensions.swift */; };
		D74EE03327E7803A009E9BDD /* Nuke + Extensions.swift in Sources */ = {isa = PBXBuildFile; fileRef = D74EE03227E7803A009E9BDD /* Nuke + Extensions.swift */; };
		D74EE03627E783A7009E9BDD /* NetworkingService.swift in Sources */ = {isa = PBXBuildFile; fileRef = D74EE03527E783A7009E9BDD /* NetworkingService.swift */; };
		D7DB52E327E1006A00E1563E /* AppDelegate.swift in Sources */ = {isa = PBXBuildFile; fileRef = D7DB52E227E1006A00E1563E /* AppDelegate.swift */; };
		D7DB52EA27E1006A00E1563E /* Main.storyboard in Resources */ = {isa = PBXBuildFile; fileRef = D7DB52E827E1006A00E1563E /* Main.storyboard */; };
		D7DB52EC27E1006F00E1563E /* Assets.xcassets in Resources */ = {isa = PBXBuildFile; fileRef = D7DB52EB27E1006F00E1563E /* Assets.xcassets */; };
		D7DB52EF27E1006F00E1563E /* LaunchScreen.storyboard in Resources */ = {isa = PBXBuildFile; fileRef = D7DB52ED27E1006F00E1563E /* LaunchScreen.storyboard */; };
		D7DB52FB27E1013000E1563E /* AppCoordinator.swift in Sources */ = {isa = PBXBuildFile; fileRef = D7DB52FA27E1012F00E1563E /* AppCoordinator.swift */; };
		D7DB52FF27E101A300E1563E /* Observable.swift in Sources */ = {isa = PBXBuildFile; fileRef = D7DB52FE27E101A300E1563E /* Observable.swift */; };
		D7DB530227E10AD100E1563E /* UIView + Extensions.swift in Sources */ = {isa = PBXBuildFile; fileRef = D7DB530027E10AD100E1563E /* UIView + Extensions.swift */; };
		D7DB530327E10AD100E1563E /* UIViewController + Extensions.swift in Sources */ = {isa = PBXBuildFile; fileRef = D7DB530127E10AD100E1563E /* UIViewController + Extensions.swift */; };
		D7DB530927E254E300E1563E /* OnboardingCollectionViewCell.swift in Sources */ = {isa = PBXBuildFile; fileRef = D7DB530827E254E300E1563E /* OnboardingCollectionViewCell.swift */; };
		D7DB530F27E26C1C00E1563E /* UserDefaults + Extensions.swift in Sources */ = {isa = PBXBuildFile; fileRef = D7DB530E27E26C1C00E1563E /* UserDefaults + Extensions.swift */; };
		E1A9F127720041593818C56A /* HomeViewController.swift in Sources */ = {isa = PBXBuildFile; fileRef = FA794A2E43989BEC60F62CF2 /* HomeViewController.swift */; };
		EB3917007F50CD0F01DE774F /* HomeCoordinator.swift in Sources */ = {isa = PBXBuildFile; fileRef = 4603CF425069177827DDFB64 /* HomeCoordinator.swift */; };
/* End PBXBuildFile section */

/* Begin PBXFileReference section */
		283DE5BD7FFAE40F17A4CCA7 /* OnboardingViewController.swift */ = {isa = PBXFileReference; includeInIndex = 1; lastKnownFileType = sourcecode.swift; path = OnboardingViewController.swift; sourceTree = "<group>"; };
		4603CF425069177827DDFB64 /* HomeCoordinator.swift */ = {isa = PBXFileReference; includeInIndex = 1; lastKnownFileType = sourcecode.swift; path = HomeCoordinator.swift; sourceTree = "<group>"; };
		4698C3CEFEC9F29BA3ED8CB0 /* HomeViewModel.swift */ = {isa = PBXFileReference; includeInIndex = 1; lastKnownFileType = sourcecode.swift; path = HomeViewModel.swift; sourceTree = "<group>"; };
		6DDDF189D9E1FC5955153F62 /* OnboardingCoordinator.swift */ = {isa = PBXFileReference; includeInIndex = 1; lastKnownFileType = sourcecode.swift; path = OnboardingCoordinator.swift; sourceTree = "<group>"; };
		7F4C951D527DF70849091B9F /* OnboardingViewModel.swift */ = {isa = PBXFileReference; includeInIndex = 1; lastKnownFileType = sourcecode.swift; path = OnboardingViewModel.swift; sourceTree = "<group>"; };
		D74EE02827E65CD0009E9BDD /* CategoryCollectionViewCell.swift */ = {isa = PBXFileReference; lastKnownFileType = sourcecode.swift; path = CategoryCollectionViewCell.swift; sourceTree = "<group>"; };
		D74EE02B27E77DDB009E9BDD /* DishCategory.swift */ = {isa = PBXFileReference; lastKnownFileType = sourcecode.swift; path = DishCategory.swift; sourceTree = "<group>"; };
		D74EE03027E77F85009E9BDD /* String + Extensions.swift */ = {isa = PBXFileReference; lastKnownFileType = sourcecode.swift; path = "String + Extensions.swift"; sourceTree = "<group>"; };
		D74EE03227E7803A009E9BDD /* Nuke + Extensions.swift */ = {isa = PBXFileReference; lastKnownFileType = sourcecode.swift; path = "Nuke + Extensions.swift"; sourceTree = "<group>"; };
		D74EE03527E783A7009E9BDD /* NetworkingService.swift */ = {isa = PBXFileReference; lastKnownFileType = sourcecode.swift; path = NetworkingService.swift; sourceTree = "<group>"; };
		D7DB52DF27E1006A00E1563E /* Yummie.app */ = {isa = PBXFileReference; explicitFileType = wrapper.application; includeInIndex = 0; path = Yummie.app; sourceTree = BUILT_PRODUCTS_DIR; };
		D7DB52E227E1006A00E1563E /* AppDelegate.swift */ = {isa = PBXFileReference; lastKnownFileType = sourcecode.swift; path = AppDelegate.swift; sourceTree = "<group>"; };
		D7DB52E927E1006A00E1563E /* Base */ = {isa = PBXFileReference; lastKnownFileType = file.storyboard; name = Base; path = Base.lproj/Main.storyboard; sourceTree = "<group>"; };
		D7DB52EB27E1006F00E1563E /* Assets.xcassets */ = {isa = PBXFileReference; lastKnownFileType = folder.assetcatalog; path = Assets.xcassets; sourceTree = "<group>"; };
		D7DB52EE27E1006F00E1563E /* Base */ = {isa = PBXFileReference; lastKnownFileType = file.storyboard; name = Base; path = Base.lproj/LaunchScreen.storyboard; sourceTree = "<group>"; };
		D7DB52F027E1006F00E1563E /* Info.plist */ = {isa = PBXFileReference; lastKnownFileType = text.plist.xml; path = Info.plist; sourceTree = "<group>"; };
		D7DB52FA27E1012F00E1563E /* AppCoordinator.swift */ = {isa = PBXFileReference; fileEncoding = 4; lastKnownFileType = sourcecode.swift; path = AppCoordinator.swift; sourceTree = "<group>"; };
		D7DB52FE27E101A300E1563E /* Observable.swift */ = {isa = PBXFileReference; fileEncoding = 4; lastKnownFileType = sourcecode.swift; path = Observable.swift; sourceTree = "<group>"; };
		D7DB530027E10AD100E1563E /* UIView + Extensions.swift */ = {isa = PBXFileReference; fileEncoding = 4; lastKnownFileType = sourcecode.swift; path = "UIView + Extensions.swift"; sourceTree = "<group>"; };
		D7DB530127E10AD100E1563E /* UIViewController + Extensions.swift */ = {isa = PBXFileReference; fileEncoding = 4; lastKnownFileType = sourcecode.swift; path = "UIViewController + Extensions.swift"; sourceTree = "<group>"; };
		D7DB530827E254E300E1563E /* OnboardingCollectionViewCell.swift */ = {isa = PBXFileReference; lastKnownFileType = sourcecode.swift; path = OnboardingCollectionViewCell.swift; sourceTree = "<group>"; };
		D7DB530E27E26C1C00E1563E /* UserDefaults + Extensions.swift */ = {isa = PBXFileReference; lastKnownFileType = sourcecode.swift; path = "UserDefaults + Extensions.swift"; sourceTree = "<group>"; };
		FA794A2E43989BEC60F62CF2 /* HomeViewController.swift */ = {isa = PBXFileReference; includeInIndex = 1; lastKnownFileType = sourcecode.swift; path = HomeViewController.swift; sourceTree = "<group>"; };
/* End PBXFileReference section */

/* Begin PBXFrameworksBuildPhase section */
		D7DB52DC27E1006A00E1563E /* Frameworks */ = {
			isa = PBXFrameworksBuildPhase;
			buildActionMask = 2147483647;
			files = (
				D74EE02F27E77F07009E9BDD /* Nuke in Frameworks */,
			);
			runOnlyForDeploymentPostprocessing = 0;
		};
/* End PBXFrameworksBuildPhase section */

/* Begin PBXGroup section */
		2A06FA51061E8CDCCCCE8383 /* Home */ = {
			isa = PBXGroup;
			children = (
				D74EE02727E65C79009E9BDD /* Utils */,
				FA794A2E43989BEC60F62CF2 /* HomeViewController.swift */,
				4698C3CEFEC9F29BA3ED8CB0 /* HomeViewModel.swift */,
				4603CF425069177827DDFB64 /* HomeCoordinator.swift */,
			);
			path = Home;
			sourceTree = "<group>";
		};
		AA505780DF89B4AEE432D54F /* Onboarding */ = {
			isa = PBXGroup;
			children = (
				D7DB530727E254C900E1563E /* Utils */,
				283DE5BD7FFAE40F17A4CCA7 /* OnboardingViewController.swift */,
				7F4C951D527DF70849091B9F /* OnboardingViewModel.swift */,
				6DDDF189D9E1FC5955153F62 /* OnboardingCoordinator.swift */,
			);
			path = Onboarding;
			sourceTree = "<group>";
		};
		D74EE02727E65C79009E9BDD /* Utils */ = {
			isa = PBXGroup;
			children = (
				D74EE02827E65CD0009E9BDD /* CategoryCollectionViewCell.swift */,
			);
			path = Utils;
			sourceTree = "<group>";
		};
		D74EE02A27E77DCA009E9BDD /* Models */ = {
			isa = PBXGroup;
			children = (
				D74EE02B27E77DDB009E9BDD /* DishCategory.swift */,
			);
			path = Models;
			sourceTree = "<group>";
		};
		D74EE03427E78398009E9BDD /* Services */ = {
			isa = PBXGroup;
			children = (
				D74EE03527E783A7009E9BDD /* NetworkingService.swift */,
			);
			path = Services;
			sourceTree = "<group>";
		};
		D7D341F827E33AFB00E5C82D /* New Group */ = {
			isa = PBXGroup;
			children = (
			);
			path = "New Group";
			sourceTree = "<group>";
		};
		D7DB52D627E1006A00E1563E = {
			isa = PBXGroup;
			children = (
				D7D341F827E33AFB00E5C82D /* New Group */,
				D7DB52E127E1006A00E1563E /* Yummie */,
				D7DB52E027E1006A00E1563E /* Products */,
			);
			sourceTree = "<group>";
		};
		D7DB52E027E1006A00E1563E /* Products */ = {
			isa = PBXGroup;
			children = (
				D7DB52DF27E1006A00E1563E /* Yummie.app */,
			);
			name = Products;
			sourceTree = "<group>";
		};
		D7DB52E127E1006A00E1563E /* Yummie */ = {
			isa = PBXGroup;
			children = (
				D7DB52F827E1008A00E1563E /* Utils */,
				D7DB52F627E1007D00E1563E /* Modules */,
				D7DB52F927E1009000E1563E /* Storyboards */,
				D7DB52E227E1006A00E1563E /* AppDelegate.swift */,
				D7DB52FA27E1012F00E1563E /* AppCoordinator.swift */,
				D7DB52F727E1008500E1563E /* SupportFiles */,
			);
			path = Yummie;
			sourceTree = "<group>";
		};
		D7DB52F627E1007D00E1563E /* Modules */ = {
			isa = PBXGroup;
			children = (
				AA505780DF89B4AEE432D54F /* Onboarding */,
				2A06FA51061E8CDCCCCE8383 /* Home */,
			);
			path = Modules;
			sourceTree = "<group>";
		};
		D7DB52F727E1008500E1563E /* SupportFiles */ = {
			isa = PBXGroup;
			children = (
				D7DB52EB27E1006F00E1563E /* Assets.xcassets */,
				D7DB52F027E1006F00E1563E /* Info.plist */,
			);
			name = SupportFiles;
			sourceTree = "<group>";
		};
		D7DB52F827E1008A00E1563E /* Utils */ = {
			isa = PBXGroup;
			children = (
				D74EE03427E78398009E9BDD /* Services */,
				D74EE02A27E77DCA009E9BDD /* Models */,
				D7DB52FD27E1017200E1563E /* Views */,
				D7DB52FC27E1016B00E1563E /* Extensions */,
				D7DB52FE27E101A300E1563E /* Observable.swift */,
			);
			path = Utils;
			sourceTree = "<group>";
		};
		D7DB52F927E1009000E1563E /* Storyboards */ = {
			isa = PBXGroup;
			children = (
				D7DB52E827E1006A00E1563E /* Main.storyboard */,
				D7DB52ED27E1006F00E1563E /* LaunchScreen.storyboard */,
			);
			path = Storyboards;
			sourceTree = "<group>";
		};
		D7DB52FC27E1016B00E1563E /* Extensions */ = {
			isa = PBXGroup;
			children = (
				D7DB530027E10AD100E1563E /* UIView + Extensions.swift */,
				D7DB530127E10AD100E1563E /* UIViewController + Extensions.swift */,
				D7DB530E27E26C1C00E1563E /* UserDefaults + Extensions.swift */,
				D74EE03027E77F85009E9BDD /* String + Extensions.swift */,
				D74EE03227E7803A009E9BDD /* Nuke + Extensions.swift */,
			);
			path = Extensions;
			sourceTree = "<group>";
		};
		D7DB52FD27E1017200E1563E /* Views */ = {
			isa = PBXGroup;
			children = (
			);
			path = Views;
			sourceTree = "<group>";
		};
		D7DB530727E254C900E1563E /* Utils */ = {
			isa = PBXGroup;
			children = (
				D7DB530827E254E300E1563E /* OnboardingCollectionViewCell.swift */,
			);
			path = Utils;
			sourceTree = "<group>";
		};
/* End PBXGroup section */

/* Begin PBXNativeTarget section */
		D7DB52DE27E1006A00E1563E /* Yummie */ = {
			isa = PBXNativeTarget;
			buildConfigurationList = D7DB52F327E1006F00E1563E /* Build configuration list for PBXNativeTarget "Yummie" */;
			buildPhases = (
				D7DB52DB27E1006A00E1563E /* Sources */,
				D7DB52DC27E1006A00E1563E /* Frameworks */,
				D7DB52DD27E1006A00E1563E /* Resources */,
			);
			buildRules = (
			);
			dependencies = (
			);
			name = Yummie;
			packageProductDependencies = (
				D74EE02E27E77F07009E9BDD /* Nuke */,
			);
			productName = Yummie;
			productReference = D7DB52DF27E1006A00E1563E /* Yummie.app */;
			productType = "com.apple.product-type.application";
		};
/* End PBXNativeTarget section */

/* Begin PBXProject section */
		D7DB52D727E1006A00E1563E /* Project object */ = {
			isa = PBXProject;
			attributes = {
				BuildIndependentTargetsInParallel = 1;
				LastSwiftUpdateCheck = 1320;
				LastUpgradeCheck = 1320;
				TargetAttributes = {
					D7DB52DE27E1006A00E1563E = {
						CreatedOnToolsVersion = 13.2.1;
					};
				};
			};
			buildConfigurationList = D7DB52DA27E1006A00E1563E /* Build configuration list for PBXProject "Yummie" */;
			compatibilityVersion = "Xcode 13.0";
			developmentRegion = en;
			hasScannedForEncodings = 0;
			knownRegions = (
				en,
				Base,
			);
			mainGroup = D7DB52D627E1006A00E1563E;
			packageReferences = (
				D74EE02D27E77F07009E9BDD /* XCRemoteSwiftPackageReference "Nuke" */,
			);
			productRefGroup = D7DB52E027E1006A00E1563E /* Products */;
			projectDirPath = "";
			projectRoot = "";
			targets = (
				D7DB52DE27E1006A00E1563E /* Yummie */,
			);
		};
/* End PBXProject section */

/* Begin PBXResourcesBuildPhase section */
		D7DB52DD27E1006A00E1563E /* Resources */ = {
			isa = PBXResourcesBuildPhase;
			buildActionMask = 2147483647;
			files = (
				D7DB52EF27E1006F00E1563E /* LaunchScreen.storyboard in Resources */,
				D7DB52EC27E1006F00E1563E /* Assets.xcassets in Resources */,
				D7DB52EA27E1006A00E1563E /* Main.storyboard in Resources */,
			);
			runOnlyForDeploymentPostprocessing = 0;
		};
/* End PBXResourcesBuildPhase section */

/* Begin PBXSourcesBuildPhase section */
		D7DB52DB27E1006A00E1563E /* Sources */ = {
			isa = PBXSourcesBuildPhase;
			buildActionMask = 2147483647;
			files = (
				D7DB530227E10AD100E1563E /* UIView + Extensions.swift in Sources */,
				D74EE02C27E77DDB009E9BDD /* DishCategory.swift in Sources */,
				D7DB52FB27E1013000E1563E /* AppCoordinator.swift in Sources */,
				D74EE03627E783A7009E9BDD /* NetworkingService.swift in Sources */,
				D7DB52FF27E101A300E1563E /* Observable.swift in Sources */,
				D7DB52E327E1006A00E1563E /* AppDelegate.swift in Sources */,
				C2774A00D9EDECAF6A4A56DC /* OnboardingViewController.swift in Sources */,
				CB0670A59604E3C634EB6B9D /* OnboardingViewModel.swift in Sources */,
				D74EE03127E77F85009E9BDD /* String + Extensions.swift in Sources */,
				D74EE03327E7803A009E9BDD /* Nuke + Extensions.swift in Sources */,
				D7DB530327E10AD100E1563E /* UIViewController + Extensions.swift in Sources */,
				C6A4AFD8F3A736777B48CB7E /* OnboardingCoordinator.swift in Sources */,
				D7DB530F27E26C1C00E1563E /* UserDefaults + Extensions.swift in Sources */,
				D7DB530927E254E300E1563E /* OnboardingCollectionViewCell.swift in Sources */,
				E1A9F127720041593818C56A /* HomeViewController.swift in Sources */,
				D1545AA996B93721A79681DE /* HomeViewModel.swift in Sources */,
				D74EE02927E65CD0009E9BDD /* CategoryCollectionViewCell.swift in Sources */,
				EB3917007F50CD0F01DE774F /* HomeCoordinator.swift in Sources */,
			);
			runOnlyForDeploymentPostprocessing = 0;
		};
/* End PBXSourcesBuildPhase section */

/* Begin PBXVariantGroup section */
		D7DB52E827E1006A00E1563E /* Main.storyboard */ = {
			isa = PBXVariantGroup;
			children = (
				D7DB52E927E1006A00E1563E /* Base */,
			);
			name = Main.storyboard;
			sourceTree = "<group>";
		};
		D7DB52ED27E1006F00E1563E /* LaunchScreen.storyboard */ = {
			isa = PBXVariantGroup;
			children = (
				D7DB52EE27E1006F00E1563E /* Base */,
			);
			name = LaunchScreen.storyboard;
			sourceTree = "<group>";
		};
/* End PBXVariantGroup section */

/* Begin XCBuildConfiguration section */
		D7DB52F127E1006F00E1563E /* Debug */ = {
			isa = XCBuildConfiguration;
			buildSettings = {
				ALWAYS_SEARCH_USER_PATHS = NO;
				CLANG_ANALYZER_NONNULL = YES;
				CLANG_ANALYZER_NUMBER_OBJECT_CONVERSION = YES_AGGRESSIVE;
				CLANG_CXX_LANGUAGE_STANDARD = "gnu++17";
				CLANG_CXX_LIBRARY = "libc++";
				CLANG_ENABLE_MODULES = YES;
				CLANG_ENABLE_OBJC_ARC = YES;
				CLANG_ENABLE_OBJC_WEAK = YES;
				CLANG_WARN_BLOCK_CAPTURE_AUTORELEASING = YES;
				CLANG_WARN_BOOL_CONVERSION = YES;
				CLANG_WARN_COMMA = YES;
				CLANG_WARN_CONSTANT_CONVERSION = YES;
				CLANG_WARN_DEPRECATED_OBJC_IMPLEMENTATIONS = YES;
				CLANG_WARN_DIRECT_OBJC_ISA_USAGE = YES_ERROR;
				CLANG_WARN_DOCUMENTATION_COMMENTS = YES;
				CLANG_WARN_EMPTY_BODY = YES;
				CLANG_WARN_ENUM_CONVERSION = YES;
				CLANG_WARN_INFINITE_RECURSION = YES;
				CLANG_WARN_INT_CONVERSION = YES;
				CLANG_WARN_NON_LITERAL_NULL_CONVERSION = YES;
				CLANG_WARN_OBJC_IMPLICIT_RETAIN_SELF = YES;
				CLANG_WARN_OBJC_LITERAL_CONVERSION = YES;
				CLANG_WARN_OBJC_ROOT_CLASS = YES_ERROR;
				CLANG_WARN_QUOTED_INCLUDE_IN_FRAMEWORK_HEADER = YES;
				CLANG_WARN_RANGE_LOOP_ANALYSIS = YES;
				CLANG_WARN_STRICT_PROTOTYPES = YES;
				CLANG_WARN_SUSPICIOUS_MOVE = YES;
				CLANG_WARN_UNGUARDED_AVAILABILITY = YES_AGGRESSIVE;
				CLANG_WARN_UNREACHABLE_CODE = YES;
				CLANG_WARN__DUPLICATE_METHOD_MATCH = YES;
				COPY_PHASE_STRIP = NO;
				DEBUG_INFORMATION_FORMAT = dwarf;
				ENABLE_STRICT_OBJC_MSGSEND = YES;
				ENABLE_TESTABILITY = YES;
				GCC_C_LANGUAGE_STANDARD = gnu11;
				GCC_DYNAMIC_NO_PIC = NO;
				GCC_NO_COMMON_BLOCKS = YES;
				GCC_OPTIMIZATION_LEVEL = 0;
				GCC_PREPROCESSOR_DEFINITIONS = (
					"DEBUG=1",
					"$(inherited)",
				);
				GCC_WARN_64_TO_32_BIT_CONVERSION = YES;
				GCC_WARN_ABOUT_RETURN_TYPE = YES_ERROR;
				GCC_WARN_UNDECLARED_SELECTOR = YES;
				GCC_WARN_UNINITIALIZED_AUTOS = YES_AGGRESSIVE;
				GCC_WARN_UNUSED_FUNCTION = YES;
				GCC_WARN_UNUSED_VARIABLE = YES;
				IPHONEOS_DEPLOYMENT_TARGET = 15.2;
				MTL_ENABLE_DEBUG_INFO = INCLUDE_SOURCE;
				MTL_FAST_MATH = YES;
				ONLY_ACTIVE_ARCH = YES;
				SDKROOT = iphoneos;
				SWIFT_ACTIVE_COMPILATION_CONDITIONS = DEBUG;
				SWIFT_OPTIMIZATION_LEVEL = "-Onone";
			};
			name = Debug;
		};
		D7DB52F227E1006F00E1563E /* Release */ = {
			isa = XCBuildConfiguration;
			buildSettings = {
				ALWAYS_SEARCH_USER_PATHS = NO;
				CLANG_ANALYZER_NONNULL = YES;
				CLANG_ANALYZER_NUMBER_OBJECT_CONVERSION = YES_AGGRESSIVE;
				CLANG_CXX_LANGUAGE_STANDARD = "gnu++17";
				CLANG_CXX_LIBRARY = "libc++";
				CLANG_ENABLE_MODULES = YES;
				CLANG_ENABLE_OBJC_ARC = YES;
				CLANG_ENABLE_OBJC_WEAK = YES;
				CLANG_WARN_BLOCK_CAPTURE_AUTORELEASING = YES;
				CLANG_WARN_BOOL_CONVERSION = YES;
				CLANG_WARN_COMMA = YES;
				CLANG_WARN_CONSTANT_CONVERSION = YES;
				CLANG_WARN_DEPRECATED_OBJC_IMPLEMENTATIONS = YES;
				CLANG_WARN_DIRECT_OBJC_ISA_USAGE = YES_ERROR;
				CLANG_WARN_DOCUMENTATION_COMMENTS = YES;
				CLANG_WARN_EMPTY_BODY = YES;
				CLANG_WARN_ENUM_CONVERSION = YES;
				CLANG_WARN_INFINITE_RECURSION = YES;
				CLANG_WARN_INT_CONVERSION = YES;
				CLANG_WARN_NON_LITERAL_NULL_CONVERSION = YES;
				CLANG_WARN_OBJC_IMPLICIT_RETAIN_SELF = YES;
				CLANG_WARN_OBJC_LITERAL_CONVERSION = YES;
				CLANG_WARN_OBJC_ROOT_CLASS = YES_ERROR;
				CLANG_WARN_QUOTED_INCLUDE_IN_FRAMEWORK_HEADER = YES;
				CLANG_WARN_RANGE_LOOP_ANALYSIS = YES;
				CLANG_WARN_STRICT_PROTOTYPES = YES;
				CLANG_WARN_SUSPICIOUS_MOVE = YES;
				CLANG_WARN_UNGUARDED_AVAILABILITY = YES_AGGRESSIVE;
				CLANG_WARN_UNREACHABLE_CODE = YES;
				CLANG_WARN__DUPLICATE_METHOD_MATCH = YES;
				COPY_PHASE_STRIP = NO;
				DEBUG_INFORMATION_FORMAT = "dwarf-with-dsym";
				ENABLE_NS_ASSERTIONS = NO;
				ENABLE_STRICT_OBJC_MSGSEND = YES;
				GCC_C_LANGUAGE_STANDARD = gnu11;
				GCC_NO_COMMON_BLOCKS = YES;
				GCC_WARN_64_TO_32_BIT_CONVERSION = YES;
				GCC_WARN_ABOUT_RETURN_TYPE = YES_ERROR;
				GCC_WARN_UNDECLARED_SELECTOR = YES;
				GCC_WARN_UNINITIALIZED_AUTOS = YES_AGGRESSIVE;
				GCC_WARN_UNUSED_FUNCTION = YES;
				GCC_WARN_UNUSED_VARIABLE = YES;
				IPHONEOS_DEPLOYMENT_TARGET = 15.2;
				MTL_ENABLE_DEBUG_INFO = NO;
				MTL_FAST_MATH = YES;
				SDKROOT = iphoneos;
				SWIFT_COMPILATION_MODE = wholemodule;
				SWIFT_OPTIMIZATION_LEVEL = "-O";
				VALIDATE_PRODUCT = YES;
			};
			name = Release;
		};
		D7DB52F427E1006F00E1563E /* Debug */ = {
			isa = XCBuildConfiguration;
			buildSettings = {
				ASSETCATALOG_COMPILER_APPICON_NAME = AppIcon;
				ASSETCATALOG_COMPILER_GLOBAL_ACCENT_COLOR_NAME = AccentColor;
				CODE_SIGN_STYLE = Automatic;
				CURRENT_PROJECT_VERSION = 1;
				DEVELOPMENT_TEAM = C5N8H89WX7;
				GENERATE_INFOPLIST_FILE = YES;
				INFOPLIST_FILE = Yummie/Info.plist;
				INFOPLIST_KEY_UIApplicationSupportsIndirectInputEvents = YES;
				INFOPLIST_KEY_UILaunchStoryboardName = LaunchScreen;
				INFOPLIST_KEY_UISupportedInterfaceOrientations_iPad = "UIInterfaceOrientationPortrait UIInterfaceOrientationPortraitUpsideDown UIInterfaceOrientationLandscapeLeft UIInterfaceOrientationLandscapeRight";
				INFOPLIST_KEY_UISupportedInterfaceOrientations_iPhone = "UIInterfaceOrientationPortrait UIInterfaceOrientationLandscapeLeft UIInterfaceOrientationLandscapeRight";
				LD_RUNPATH_SEARCH_PATHS = (
					"$(inherited)",
					"@executable_path/Frameworks",
				);
				MARKETING_VERSION = 1.0;
				PRODUCT_BUNDLE_IDENTIFIER = com.matthew.sakhnenko.Yummie;
				PRODUCT_NAME = "$(TARGET_NAME)";
				SWIFT_EMIT_LOC_STRINGS = YES;
				SWIFT_VERSION = 5.0;
				TARGETED_DEVICE_FAMILY = "1,2";
			};
			name = Debug;
		};
		D7DB52F527E1006F00E1563E /* Release */ = {
			isa = XCBuildConfiguration;
			buildSettings = {
				ASSETCATALOG_COMPILER_APPICON_NAME = AppIcon;
				ASSETCATALOG_COMPILER_GLOBAL_ACCENT_COLOR_NAME = AccentColor;
				CODE_SIGN_STYLE = Automatic;
				CURRENT_PROJECT_VERSION = 1;
				DEVELOPMENT_TEAM = C5N8H89WX7;
				GENERATE_INFOPLIST_FILE = YES;
				INFOPLIST_FILE = Yummie/Info.plist;
				INFOPLIST_KEY_UIApplicationSupportsIndirectInputEvents = YES;
				INFOPLIST_KEY_UILaunchStoryboardName = LaunchScreen;
				INFOPLIST_KEY_UISupportedInterfaceOrientations_iPad = "UIInterfaceOrientationPortrait UIInterfaceOrientationPortraitUpsideDown UIInterfaceOrientationLandscapeLeft UIInterfaceOrientationLandscapeRight";
				INFOPLIST_KEY_UISupportedInterfaceOrientations_iPhone = "UIInterfaceOrientationPortrait UIInterfaceOrientationLandscapeLeft UIInterfaceOrientationLandscapeRight";
				LD_RUNPATH_SEARCH_PATHS = (
					"$(inherited)",
					"@executable_path/Frameworks",
				);
				MARKETING_VERSION = 1.0;
				PRODUCT_BUNDLE_IDENTIFIER = com.matthew.sakhnenko.Yummie;
				PRODUCT_NAME = "$(TARGET_NAME)";
				SWIFT_EMIT_LOC_STRINGS = YES;
				SWIFT_VERSION = 5.0;
				TARGETED_DEVICE_FAMILY = "1,2";
			};
			name = Release;
		};
/* End XCBuildConfiguration section */

/* Begin XCConfigurationList section */
		D7DB52DA27E1006A00E1563E /* Build configuration list for PBXProject "Yummie" */ = {
			isa = XCConfigurationList;
			buildConfigurations = (
				D7DB52F127E1006F00E1563E /* Debug */,
				D7DB52F227E1006F00E1563E /* Release */,
			);
			defaultConfigurationIsVisible = 0;
			defaultConfigurationName = Release;
		};
		D7DB52F327E1006F00E1563E /* Build configuration list for PBXNativeTarget "Yummie" */ = {
			isa = XCConfigurationList;
			buildConfigurations = (
				D7DB52F427E1006F00E1563E /* Debug */,
				D7DB52F527E1006F00E1563E /* Release */,
			);
			defaultConfigurationIsVisible = 0;
			defaultConfigurationName = Release;
		};
/* End XCConfigurationList section */

/* Begin XCRemoteSwiftPackageReference section */
		D74EE02D27E77F07009E9BDD /* XCRemoteSwiftPackageReference "Nuke" */ = {
			isa = XCRemoteSwiftPackageReference;
			repositoryURL = "https://github.com/kean/Nuke";
			requirement = {
				branch = master;
				kind = branch;
			};
		};
/* End XCRemoteSwiftPackageReference section */

/* Begin XCSwiftPackageProductDependency section */
		D74EE02E27E77F07009E9BDD /* Nuke */ = {
			isa = XCSwiftPackageProductDependency;
			package = D74EE02D27E77F07009E9BDD /* XCRemoteSwiftPackageReference "Nuke" */;
			productName = Nuke;
		};
/* End XCSwiftPackageProductDependency section */
	};
	rootObject = D7DB52D727E1006A00E1563E /* Project object */;
}
